
Microsoft Visual Studio Solution File, Format Version 12.00
# Visual Studio 15
VisualStudioVersion = 15.0.27130.2010
MinimumVisualStudioVersion = 10.0.40219.1
Project("{FAE04EC0-301F-11D3-BF4B-00C04F79EFBC}") = "FavoriteThings", "FavoriteThings\FavoriteThings.csproj", "{99587035-94FD-4223-99D0-A453461720B2}"
EndProject
Global
	GlobalSection(SolutionConfigurationPlatforms) = preSolution
		Debug|Any CPU = Debug|Any CPU
		Release|Any CPU = Release|Any CPU
	EndGlobalSection
	GlobalSection(ProjectConfigurationPlatforms) = postSolution
		{99587035-94FD-4223-99D0-A453461720B2}.Debug|Any CPU.ActiveCfg = Debug|Any CPU
		{99587035-94FD-4223-99D0-A453461720B2}.Debug|Any CPU.Build.0 = Debug|Any CPU
		{99587035-94FD-4223-99D0-A453461720B2}.Release|Any CPU.ActiveCfg = Release|Any CPU
		{99587035-94FD-4223-99D0-A453461720B2}.Release|Any CPU.Build.0 = Release|Any CPU
	EndGlobalSection
	GlobalSection(SolutionProperties) = preSolution
		HideSolutionNode = FALSE
	EndGlobalSection
	GlobalSection(ExtensibilityGlobals) = postSolution
		SolutionGuid = {56C77C41-8A28-4968-A469-3024090285A4}
	EndGlobalSection
EndGlobal
